
Microsoft Visual Studio Solution File, Format Version 12.00
# Visual Studio Version 16
VisualStudioVersion = 16.0.30330.147
MinimumVisualStudioVersion = 10.0.40219.1
Project("{FAE04EC0-301F-11D3-BF4B-00C04F79EFBC}") = "AppSDelivery.Android", "AppSDelivery\AppSDelivery.Android\AppSDelivery.Android.csproj", "{2855EC25-68FD-4AB7-BF1C-3A368D781EEE}"
EndProject
Project("{FAE04EC0-301F-11D3-BF4B-00C04F79EFBC}") = "AppSDelivery.iOS", "AppSDelivery\AppSDelivery.iOS\AppSDelivery.iOS.csproj", "{7A6673B2-DEC7-4B45-BFC1-1860F800B158}"
EndProject
Project("{FAE04EC0-301F-11D3-BF4B-00C04F79EFBC}") = "AppSDelivery", "AppSDelivery\AppSDelivery\AppSDelivery.csproj", "{908906F6-91BE-4436-A41E-26BF3CE10137}"
EndProject
Global
	GlobalSection(SolutionConfigurationPlatforms) = preSolution
		Debug|Any CPU = Debug|Any CPU
		Debug|iPhone = Debug|iPhone
		Debug|iPhoneSimulator = Debug|iPhoneSimulator
		Release|Any CPU = Release|Any CPU
		Release|iPhone = Release|iPhone
		Release|iPhoneSimulator = Release|iPhoneSimulator
	EndGlobalSection
	GlobalSection(ProjectConfigurationPlatforms) = postSolution
		{2855EC25-68FD-4AB7-BF1C-3A368D781EEE}.Debug|Any CPU.ActiveCfg = Debug|Any CPU
		{2855EC25-68FD-4AB7-BF1C-3A368D781EEE}.Debug|Any CPU.Build.0 = Debug|Any CPU
		{2855EC25-68FD-4AB7-BF1C-3A368D781EEE}.Debug|Any CPU.Deploy.0 = Debug|Any CPU
		{2855EC25-68FD-4AB7-BF1C-3A368D781EEE}.Debug|iPhone.ActiveCfg = Debug|Any CPU
		{2855EC25-68FD-4AB7-BF1C-3A368D781EEE}.Debug|iPhone.Build.0 = Debug|Any CPU
		{2855EC25-68FD-4AB7-BF1C-3A368D781EEE}.Debug|iPhone.Deploy.0 = Debug|Any CPU
		{2855EC25-68FD-4AB7-BF1C-3A368D781EEE}.Debug|iPhoneSimulator.ActiveCfg = Debug|Any CPU
		{2855EC25-68FD-4AB7-BF1C-3A368D781EEE}.Debug|iPhoneSimulator.Build.0 = Debug|Any CPU
		{2855EC25-68FD-4AB7-BF1C-3A368D781EEE}.Debug|iPhoneSimulator.Deploy.0 = Debug|Any CPU
		{2855EC25-68FD-4AB7-BF1C-3A368D781EEE}.Release|Any CPU.ActiveCfg = Release|Any CPU
		{2855EC25-68FD-4AB7-BF1C-3A368D781EEE}.Release|Any CPU.Build.0 = Release|Any CPU
		{2855EC25-68FD-4AB7-BF1C-3A368D781EEE}.Release|Any CPU.Deploy.0 = Release|Any CPU
		{2855EC25-68FD-4AB7-BF1C-3A368D781EEE}.Release|iPhone.ActiveCfg = Release|Any CPU
		{2855EC25-68FD-4AB7-BF1C-3A368D781EEE}.Release|iPhone.Build.0 = Release|Any CPU
		{2855EC25-68FD-4AB7-BF1C-3A368D781EEE}.Release|iPhone.Deploy.0 = Release|Any CPU
		{2855EC25-68FD-4AB7-BF1C-3A368D781EEE}.Release|iPhoneSimulator.ActiveCfg = Release|Any CPU
		{2855EC25-68FD-4AB7-BF1C-3A368D781EEE}.Release|iPhoneSimulator.Build.0 = Release|Any CPU
		{2855EC25-68FD-4AB7-BF1C-3A368D781EEE}.Release|iPhoneSimulator.Deploy.0 = Release|Any CPU
		{7A6673B2-DEC7-4B45-BFC1-1860F800B158}.Debug|Any CPU.ActiveCfg = Debug|iPhone
		{7A6673B2-DEC7-4B45-BFC1-1860F800B158}.Debug|Any CPU.Build.0 = Debug|iPhone
		{7A6673B2-DEC7-4B45-BFC1-1860F800B158}.Debug|Any CPU.Deploy.0 = Debug|iPhone
		{7A6673B2-DEC7-4B45-BFC1-1860F800B158}.Debug|iPhone.ActiveCfg = Debug|iPhone
		{7A6673B2-DEC7-4B45-BFC1-1860F800B158}.Debug|iPhone.Build.0 = Debug|iPhone
		{7A6673B2-DEC7-4B45-BFC1-1860F800B158}.Debug|iPhone.Deploy.0 = Debug|iPhone
		{7A6673B2-DEC7-4B45-BFC1-1860F800B158}.Debug|iPhoneSimulator.ActiveCfg = Debug|iPhoneSimulator
		{7A6673B2-DEC7-4B45-BFC1-1860F800B158}.Debug|iPhoneSimulator.Build.0 = Debug|iPhoneSimulator
		{7A6673B2-DEC7-4B45-BFC1-1860F800B158}.Debug|iPhoneSimulator.Deploy.0 = Debug|iPhoneSimulator
		{7A6673B2-DEC7-4B45-BFC1-1860F800B158}.Release|Any CPU.ActiveCfg = Release|iPhone
		{7A6673B2-DEC7-4B45-BFC1-1860F800B158}.Release|Any CPU.Build.0 = Release|iPhone
		{7A6673B2-DEC7-4B45-BFC1-1860F800B158}.Release|Any CPU.Deploy.0 = Release|iPhone
		{7A6673B2-DEC7-4B45-BFC1-1860F800B158}.Release|iPhone.ActiveCfg = Release|iPhone
		{7A6673B2-DEC7-4B45-BFC1-1860F800B158}.Release|iPhone.Build.0 = Release|iPhone
		{7A6673B2-DEC7-4B45-BFC1-1860F800B158}.Release|iPhone.Deploy.0 = Release|iPhone
		{7A6673B2-DEC7-4B45-BFC1-1860F800B158}.Release|iPhoneSimulator.ActiveCfg = Release|iPhoneSimulator
		{7A6673B2-DEC7-4B45-BFC1-1860F800B158}.Release|iPhoneSimulator.Build.0 = Release|iPhoneSimulator
		{7A6673B2-DEC7-4B45-BFC1-1860F800B158}.Release|iPhoneSimulator.Deploy.0 = Release|iPhoneSimulator
		{908906F6-91BE-4436-A41E-26BF3CE10137}.Debug|Any CPU.ActiveCfg = Debug|Any CPU
		{908906F6-91BE-4436-A41E-26BF3CE10137}.Debug|Any CPU.Build.0 = Debug|Any CPU
		{908906F6-91BE-4436-A41E-26BF3CE10137}.Debug|Any CPU.Deploy.0 = Debug|Any CPU
		{908906F6-91BE-4436-A41E-26BF3CE10137}.Debug|iPhone.ActiveCfg = Debug|Any CPU
		{908906F6-91BE-4436-A41E-26BF3CE10137}.Debug|iPhone.Build.0 = Debug|Any CPU
		{908906F6-91BE-4436-A41E-26BF3CE10137}.Debug|iPhone.Deploy.0 = Debug|Any CPU
		{908906F6-91BE-4436-A41E-26BF3CE10137}.Debug|iPhoneSimulator.ActiveCfg = Debug|Any CPU
		{908906F6-91BE-4436-A41E-26BF3CE10137}.Debug|iPhoneSimulator.Build.0 = Debug|Any CPU
		{908906F6-91BE-4436-A41E-26BF3CE10137}.Debug|iPhoneSimulator.Deploy.0 = Debug|Any CPU
		{908906F6-91BE-4436-A41E-26BF3CE10137}.Release|Any CPU.ActiveCfg = Release|Any CPU
		{908906F6-91BE-4436-A41E-26BF3CE10137}.Release|Any CPU.Build.0 = Release|Any CPU
		{908906F6-91BE-4436-A41E-26BF3CE10137}.Release|Any CPU.Deploy.0 = Release|Any CPU
		{908906F6-91BE-4436-A41E-26BF3CE10137}.Release|iPhone.ActiveCfg = Release|Any CPU
		{908906F6-91BE-4436-A41E-26BF3CE10137}.Release|iPhone.Build.0 = Release|Any CPU
		{908906F6-91BE-4436-A41E-26BF3CE10137}.Release|iPhone.Deploy.0 = Release|Any CPU
		{908906F6-91BE-4436-A41E-26BF3CE10137}.Release|iPhoneSimulator.ActiveCfg = Release|Any CPU
		{908906F6-91BE-4436-A41E-26BF3CE10137}.Release|iPhoneSimulator.Build.0 = Release|Any CPU
		{908906F6-91BE-4436-A41E-26BF3CE10137}.Release|iPhoneSimulator.Deploy.0 = Release|Any CPU
	EndGlobalSection
	GlobalSection(SolutionProperties) = preSolution
		HideSolutionNode = FALSE
	EndGlobalSection
	GlobalSection(ExtensibilityGlobals) = postSolution
		SolutionGuid = {E7EE9DE2-A637-4118-9745-9EE6013C1518}
	EndGlobalSection
EndGlobal
